{
  "lockfile-version": 1,
  "manifest": {
    "schema-version": "1.14.0",
    "install": {
      "gh": {
        "pkg-path": "gh"
      },
      "git": {
        "pkg-path": "git"
      },
      "nixfmt-rfc-style": {
        "pkg-path": "nixfmt-rfc-style"
      },
      "numpy": {
        "pkg-path": "python312Packages.numpy"
      },
      "pillow": {
        "pkg-path": "python312Packages.pillow"
      },
      "python312Full": {
        "pkg-path": "python312Full"
      },
      "rsync": {
        "pkg-path": "rsync"
      },
      "scipy": {
        "pkg-path": "python312Packages.scipy"
      }
    },
    "hook": {},
    "profile": {
      "common": "  export PYTHONPATH=\"$FLOX_ENV_PROJECT/scripts:$FLOX_ENV_PROJECT/bot:$FLOX_ENV_PROJECT/sidecar:$FLOX_ENV_PROJECT/shared${PYTHONPATH:+:$PYTHONPATH}\"\n"
    },
    "options": {}
  },
  "packages": [
    {
      "attr_path": "gh",
      "broken": false,
      "derivation": "/nix/store/8arnv07dwynjhi3sc4ifbxc761yqqjd2-gh-2.78.0.drv",
      "description": "GitHub CLI tool",
      "install_id": "gh",
      "license": "MIT",
      "locked_url": "https://github.com/flox/nixpkgs?rev=8a6d5427d99ec71c64f0b93d45778c889005d9c2",
      "name": "gh-2.78.0",
      "pname": "gh",
      "rev": "8a6d5427d99ec71c64f0b93d45778c889005d9c2",
      "rev_count": 852432,
      "rev_date": "2025-08-27T03:49:43Z",
      "scrape_date": "2025-08-28T03:26:01.426565Z",
      "stabilities": [
        "stable",
        "staging",
        "unstable"
      ],
      "unfree": false,
      "version": "2.78.0",
      "outputs_to_install": [
        "out"
      ],
      "outputs": {
        "out": "/nix/store/886src1jhm94xdrllnzz0aww9qmfc50l-gh-2.78.0"
      },
      "system": "aarch64-darwin",
      "group": "toplevel",
      "priority": 5
    },
    {
      "attr_path": "gh",
      "broken": false,
      "derivation": "/nix/store/j383h2gq5kwqrdxjp17xihy3s5shsr63-gh-2.78.0.drv",
      "description": "GitHub CLI tool",
      "install_id": "gh",
      "license": "MIT",
      "locked_url": "https://github.com/flox/nixpkgs?rev=8a6d5427d99ec71c64f0b93d45778c889005d9c2",
      "name": "gh-2.78.0",
      "pname": "gh",
      "rev": "8a6d5427d99ec71c64f0b93d45778c889005d9c2",
      "rev_count": 852432,
      "rev_date": "2025-08-27T03:49:43Z",
      "scrape_date": "2025-08-28T03:34:27.056531Z",
      "stabilities": [
        "stable",
        "staging",
        "unstable"
      ],
      "unfree": false,
      "version": "2.78.0",
      "outputs_to_install": [
        "out"
      ],
      "outputs": {
        "out": "/nix/store/fj5v9hzpzr9jvcpb4d1zqlsacll9n2mp-gh-2.78.0"
      },
      "system": "aarch64-linux",
      "group": "toplevel",
      "priority": 5
    },
    {
      "attr_path": "gh",
      "broken": false,
      "derivation": "/nix/store/j2j15dll0pg12qghz43kikds95hkq7rk-gh-2.78.0.drv",
      "description": "GitHub CLI tool",
      "install_id": "gh",
      "license": "MIT",
      "locked_url": "https://github.com/flox/nixpkgs?rev=8a6d5427d99ec71c64f0b93d45778c889005d9c2",
      "name": "gh-2.78.0",
      "pname": "gh",
      "rev": "8a6d5427d99ec71c64f0b93d45778c889005d9c2",
      "rev_count": 852432,
      "rev_date": "2025-08-27T03:49:43Z",
      "scrape_date": "2025-08-28T03:43:53.401804Z",
      "stabilities": [
        "stable",
        "staging",
        "unstable"
      ],
      "unfree": false,
      "version": "2.78.0",
      "outputs_to_install": [
        "out"
      ],
      "outputs": {
        "out": "/nix/store/sfpszlvhvlh9alfjfdv4dn5acjalihnl-gh-2.78.0"
      },
      "system": "x86_64-darwin",
      "group": "toplevel",
      "priority": 5
    },
    {
      "attr_path": "gh",
      "broken": false,
      "derivation": "/nix/store/bknn8xxqbaiplbzg0mjnmghbg5fvsm87-gh-2.78.0.drv",
      "description": "GitHub CLI tool",
      "install_id": "gh",
      "license": "MIT",
      "locked_url": "https://github.com/flox/nixpkgs?rev=8a6d5427d99ec71c64f0b93d45778c889005d9c2",
      "name": "gh-2.78.0",
      "pname": "gh",
      "rev": "8a6d5427d99ec71c64f0b93d45778c889005d9c2",
      "rev_count": 852432,
      "rev_date": "2025-08-27T03:49:43Z",
      "scrape_date": "2025-08-28T03:51:29.700137Z",
      "stabilities": [
        "stable",
        "staging",
        "unstable"
      ],
      "unfree": false,
      "version": "2.78.0",
      "outputs_to_install": [
        "out"
      ],
      "outputs": {
        "out": "/nix/store/2dpvjfrvc4h2b67ji259xrja5ggh4f17-gh-2.78.0"
      },
      "system": "x86_64-linux",
      "group": "toplevel",
      "priority": 5
    },
    {
      "attr_path": "git",
      "broken": false,
      "derivation": "/nix/store/my37053qlsn20agd4gngw3akvvkj8ycn-git-2.50.1.drv",
      "description": "Distributed version control system",
      "install_id": "git",
      "license": "GPL-2.0",
      "locked_url": "https://github.com/flox/nixpkgs?rev=8a6d5427d99ec71c64f0b93d45778c889005d9c2",
      "name": "git-2.50.1",
      "pname": "git",
      "rev": "8a6d5427d99ec71c64f0b93d45778c889005d9c2",
      "rev_count": 852432,
      "rev_date": "2025-08-27T03:49:43Z",
      "scrape_date": "2025-08-28T03:26:01.455266Z",
      "stabilities": [
        "stable",
        "staging",
        "unstable"
      ],
      "unfree": false,
      "version": "2.50.1",
      "outputs_to_install": [
        "out",
        "out"
      ],
      "outputs": {
        "doc": "/nix/store/36rqvcm3q9jdbzysr6x6si9i15yyy9yh-git-2.50.1-doc",
        "out": "/nix/store/56avrmkafl3ymr5azsgx4lagzrhc79nd-git-2.50.1"
      },
      "system": "aarch64-darwin",
      "group": "toplevel",
      "priority": 5
    },
    {
      "attr_path": "git",
      "broken": false,
      "derivation": "/nix/store/46mhgflpndhr99rccamikg7pjwknxylg-git-2.50.1.drv",
      "description": "Distributed version control system",
      "install_id": "git",
      "license": "GPL-2.0",
      "locked_url": "https://github.com/flox/nixpkgs?rev=8a6d5427d99ec71c64f0b93d45778c889005d9c2",
      "name": "git-2.50.1",
      "pname": "git",
      "rev": "8a6d5427d99ec71c64f0b93d45778c889005d9c2",
      "rev_count": 852432,
      "rev_date": "2025-08-27T03:49:43Z",
      "scrape_date": "2025-08-28T03:34:27.106807Z",
      "stabilities": [
        "stable",
        "staging",
        "unstable"
      ],
      "unfree": false,
      "version": "2.50.1",
      "outputs_to_install": [
        "out",
        "out"
      ],
      "outputs": {
        "debug": "/nix/store/ln77l8pbk2gyvavr0lgb45xq4i4y5f2p-git-2.50.1-debug",
        "doc": "/nix/store/i8gjlj5vpcllwpkw53lzxl2wa8j7vlld-git-2.50.1-doc",
        "out": "/nix/store/jpadzfxc9zz3cacng4wlyn6vzhgf3mga-git-2.50.1"
      },
      "system": "aarch64-linux",
      "group": "toplevel",
      "priority": 5
    },
    {
      "attr_path": "git",
      "broken": false,
      "derivation": "/nix/store/asmf27ybgmdfkmgn1vrfl87g0havppnk-git-2.50.1.drv",
      "description": "Distributed version control system",
      "install_id": "git",
      "license": "GPL-2.0",
      "locked_url": "https://github.com/flox/nixpkgs?rev=8a6d5427d99ec71c64f0b93d45778c889005d9c2",
      "name": "git-2.50.1",
      "pname": "git",
      "rev": "8a6d5427d99ec71c64f0b93d45778c889005d9c2",
      "rev_count": 852432,
      "rev_date": "2025-08-27T03:49:43Z",
      "scrape_date": "2025-08-28T03:43:53.431629Z",
      "stabilities": [
        "stable",
        "staging",
        "unstable"
      ],
      "unfree": false,
      "version": "2.50.1",
      "outputs_to_install": [
        "out",
        "out"
      ],
      "outputs": {
        "doc": "/nix/store/axw33im2q7q6bi3j8cbhi139n9k1q9zb-git-2.50.1-doc",
        "out": "/nix/store/h32rn7zl7ac3jl0iidf7ll3rwj81961x-git-2.50.1"
      },
      "system": "x86_64-darwin",
      "group": "toplevel",
      "priority": 5
    },
    {
      "attr_path": "git",
      "broken": false,
      "derivation": "/nix/store/s9ilqag44931jnwrazwrha1ql5cfahq4-git-2.50.1.drv",
      "description": "Distributed version control system",
      "install_id": "git",
      "license": "GPL-2.0",
      "locked_url": "https://github.com/flox/nixpkgs?rev=8a6d5427d99ec71c64f0b93d45778c889005d9c2",
      "name": "git-2.50.1",
      "pname": "git",
      "rev": "8a6d5427d99ec71c64f0b93d45778c889005d9c2",
      "rev_count": 852432,
      "rev_date": "2025-08-27T03:49:43Z",
      "scrape_date": "2025-08-28T03:51:29.747989Z",
      "stabilities": [
        "stable",
        "staging",
        "unstable"
      ],
      "unfree": false,
      "version": "2.50.1",
      "outputs_to_install": [
        "out",
        "out"
      ],
      "outputs": {
        "debug": "/nix/store/xipypc58mgavflc7am3m28sk9hpczwf6-git-2.50.1-debug",
        "doc": "/nix/store/64fvclm5bwrp7zff8wa3cl8z6lhczc9s-git-2.50.1-doc",
        "out": "/nix/store/zhv8ib8y1zfi76afddfnp8fmm562bgaa-git-2.50.1"
      },
      "system": "x86_64-linux",
      "group": "toplevel",
      "priority": 5
    },
    {
      "attr_path": "nixfmt-rfc-style",
      "broken": false,
      "derivation": "/nix/store/wkj1xj0v4k5a78hv64dh8rzp860zz7bf-nixfmt-1.0.0.drv",
      "description": "Official formatter for Nix code",
      "install_id": "nixfmt-rfc-style",
      "license": "MPL-2.0",
      "locked_url": "https://github.com/flox/nixpkgs?rev=8a6d5427d99ec71c64f0b93d45778c889005d9c2",
      "name": "nixfmt-1.0.0",
      "pname": "nixfmt-rfc-style",
      "rev": "8a6d5427d99ec71c64f0b93d45778c889005d9c2",
      "rev_count": 852432,
      "rev_date": "2025-08-27T03:49:43Z",
      "scrape_date": "2025-08-28T03:26:04.812923Z",
      "stabilities": [
        "stable",
        "staging",
        "unstable"
      ],
      "unfree": false,
      "version": "1.0.0",
      "outputs_to_install": [
        "out"
      ],
      "outputs": {
        "out": "/nix/store/2378hkc7c16gbqlwzqyyb0gfif32simh-nixfmt-1.0.0"
      },
      "system": "aarch64-darwin",
      "group": "toplevel",
      "priority": 5
    },
    {
      "attr_path": "nixfmt-rfc-style",
      "broken": false,
      "derivation": "/nix/store/miwnyg9acc979crfr5lpc1yv67wc1b0g-nixfmt-1.0.0.drv",
      "description": "Official formatter for Nix code",
      "install_id": "nixfmt-rfc-style",
      "license": "MPL-2.0",
      "locked_url": "https://github.com/flox/nixpkgs?rev=8a6d5427d99ec71c64f0b93d45778c889005d9c2",
      "name": "nixfmt-1.0.0",
      "pname": "nixfmt-rfc-style",
      "rev": "8a6d5427d99ec71c64f0b93d45778c889005d9c2",
      "rev_count": 852432,
      "rev_date": "2025-08-27T03:49:43Z",
      "scrape_date": "2025-08-28T03:34:39.078046Z",
      "stabilities": [
        "stable",
        "staging",
        "unstable"
      ],
      "unfree": false,
      "version": "1.0.0",
      "outputs_to_install": [
        "out"
      ],
      "outputs": {
        "out": "/nix/store/qlihxwimgfcc0vb2fpp940rcbmz01xvv-nixfmt-1.0.0"
      },
      "system": "aarch64-linux",
      "group": "toplevel",
      "priority": 5
    },
    {
      "attr_path": "nixfmt-rfc-style",
      "broken": false,
      "derivation": "/nix/store/1ajkif3bhxzi6ymrhg01x6nmka6byw53-nixfmt-1.0.0.drv",
      "description": "Official formatter for Nix code",
      "install_id": "nixfmt-rfc-style",
      "license": "MPL-2.0",
      "locked_url": "https://github.com/flox/nixpkgs?rev=8a6d5427d99ec71c64f0b93d45778c889005d9c2",
      "name": "nixfmt-1.0.0",
      "pname": "nixfmt-rfc-style",
      "rev": "8a6d5427d99ec71c64f0b93d45778c889005d9c2",
      "rev_count": 852432,
      "rev_date": "2025-08-27T03:49:43Z",
      "scrape_date": "2025-08-28T03:43:56.779124Z",
      "stabilities": [
        "stable",
        "staging",
        "unstable"
      ],
      "unfree": false,
      "version": "1.0.0",
      "outputs_to_install": [
        "out"
      ],
      "outputs": {
        "out": "/nix/store/l08p667r8vvjr5x5xwyxfyf6mbdy0ncr-nixfmt-1.0.0"
      },
      "system": "x86_64-darwin",
      "group": "toplevel",
      "priority": 5
    },
    {
      "attr_path": "nixfmt-rfc-style",
      "broken": false,
      "derivation": "/nix/store/1k4az8bzy7m2wyf4d9x6n92pb8q3bl5h-nixfmt-1.0.0.drv",
      "description": "Official formatter for Nix code",
      "install_id": "nixfmt-rfc-style",
      "license": "MPL-2.0",
      "locked_url": "https://github.com/flox/nixpkgs?rev=8a6d5427d99ec71c64f0b93d45778c889005d9c2",
      "name": "nixfmt-1.0.0",
      "pname": "nixfmt-rfc-style",
      "rev": "8a6d5427d99ec71c64f0b93d45778c889005d9c2",
      "rev_count": 852432,
      "rev_date": "2025-08-27T03:49:43Z",
      "scrape_date": "2025-08-28T03:51:41.291532Z",
      "stabilities": [
        "stable",
        "staging",
        "unstable"
      ],
      "unfree": false,
      "version": "1.0.0",
      "outputs_to_install": [
        "out"
      ],
      "outputs": {
        "out": "/nix/store/glvjpnwkw85ssxxzrh0qc9am81h5pijq-nixfmt-1.0.0"
      },
      "system": "x86_64-linux",
      "group": "toplevel",
      "priority": 5
    },
    {
      "attr_path": "python312Packages.numpy",
      "broken": false,
      "derivation": "/nix/store/q5p9qna05inniv67jcx5r0ds993fsg6i-python3.12-numpy-2.3.2.drv",
      "description": "Scientific tools for Python",
      "install_id": "numpy",
      "license": "BSD-3-Clause",
      "locked_url": "https://github.com/flox/nixpkgs?rev=8a6d5427d99ec71c64f0b93d45778c889005d9c2",
      "name": "python3.12-numpy-2.3.2",
      "pname": "numpy",
      "rev": "8a6d5427d99ec71c64f0b93d45778c889005d9c2",
      "rev_count": 852432,
      "rev_date": "2025-08-27T03:49:43Z",
      "scrape_date": "2025-08-28T03:26:18.382597Z",
      "stabilities": [
        "stable",
        "staging",
        "unstable"
      ],
      "unfree": false,
      "version": "2.3.2",
      "outputs_to_install": [
        "out"
      ],
      "outputs": {
        "dist": "/nix/store/rwkd2abrja82vnxfiz7097bg4xan1zgk-python3.12-numpy-2.3.2-dist",
        "out": "/nix/store/ylbjcyrlr3xzsii12n7705ysv6plkv0c-python3.12-numpy-2.3.2"
      },
      "system": "aarch64-darwin",
      "group": "toplevel",
      "priority": 5
    },
    {
      "attr_path": "python312Packages.numpy",
      "broken": false,
      "derivation": "/nix/store/v3fh9hc2f4m8gqbdi82ad7jgj3d5d3yf-python3.12-numpy-2.3.2.drv",
      "description": "Scientific tools for Python",
      "install_id": "numpy",
      "license": "BSD-3-Clause",
      "locked_url": "https://github.com/flox/nixpkgs?rev=8a6d5427d99ec71c64f0b93d45778c889005d9c2",
      "name": "python3.12-numpy-2.3.2",
      "pname": "numpy",
      "rev": "8a6d5427d99ec71c64f0b93d45778c889005d9c2",
      "rev_count": 852432,
      "rev_date": "2025-08-27T03:49:43Z",
      "scrape_date": "2025-08-28T03:35:04.219630Z",
      "stabilities": [
        "stable",
        "staging",
        "unstable"
      ],
      "unfree": false,
      "version": "2.3.2",
      "outputs_to_install": [
        "out"
      ],
      "outputs": {
        "dist": "/nix/store/s38r2nc86hfabriypb9x5gfn35k4gp2p-python3.12-numpy-2.3.2-dist",
        "out": "/nix/store/kj2ynqwzs4b73g4hjqklw29wm1j18gsx-python3.12-numpy-2.3.2"
      },
      "system": "aarch64-linux",
      "group": "toplevel",
      "priority": 5
    },
    {
      "attr_path": "python312Packages.numpy",
      "broken": false,
      "derivation": "/nix/store/73gxnazflrpxwgpl87kd5pv2f28byk48-python3.12-numpy-2.3.2.drv",
      "description": "Scientific tools for Python",
      "install_id": "numpy",
      "license": "BSD-3-Clause",
      "locked_url": "https://github.com/flox/nixpkgs?rev=8a6d5427d99ec71c64f0b93d45778c889005d9c2",
      "name": "python3.12-numpy-2.3.2",
      "pname": "numpy",
      "rev": "8a6d5427d99ec71c64f0b93d45778c889005d9c2",
      "rev_count": 852432,
      "rev_date": "2025-08-27T03:49:43Z",
      "scrape_date": "2025-08-28T03:44:10.260187Z",
      "stabilities": [
        "stable",
        "staging",
        "unstable"
      ],
      "unfree": false,
      "version": "2.3.2",
      "outputs_to_install": [
        "out"
      ],
      "outputs": {
        "dist": "/nix/store/6icjkzjffswz471pl6fh5p1dbcwd9jsv-python3.12-numpy-2.3.2-dist",
        "out": "/nix/store/vd8zpxgc0a8svh720315wn886g0dbsz0-python3.12-numpy-2.3.2"
      },
      "system": "x86_64-darwin",
      "group": "toplevel",
      "priority": 5
    },
    {
      "attr_path": "python312Packages.numpy",
      "broken": false,
      "derivation": "/nix/store/y885712jd9qsxpscy9f1nsbqbpq5jkyi-python3.12-numpy-2.3.2.drv",
      "description": "Scientific tools for Python",
      "install_id": "numpy",
      "license": "BSD-3-Clause",
      "locked_url": "https://github.com/flox/nixpkgs?rev=8a6d5427d99ec71c64f0b93d45778c889005d9c2",
      "name": "python3.12-numpy-2.3.2",
      "pname": "numpy",
      "rev": "8a6d5427d99ec71c64f0b93d45778c889005d9c2",
      "rev_count": 852432,
      "rev_date": "2025-08-27T03:49:43Z",
      "scrape_date": "2025-08-28T03:52:04.195759Z",
      "stabilities": [
        "stable",
        "staging",
        "unstable"
      ],
      "unfree": false,
      "version": "2.3.2",
      "outputs_to_install": [
        "out"
      ],
      "outputs": {
        "dist": "/nix/store/ic2w0dmgpmz8sfqh28mrqylr2ylf8nh2-python3.12-numpy-2.3.2-dist",
        "out": "/nix/store/jiiwx8zbbw12knaf9r46dnyh0v42h9bz-python3.12-numpy-2.3.2"
      },
      "system": "x86_64-linux",
      "group": "toplevel",
      "priority": 5
    },
    {
      "attr_path": "python312Packages.pillow",
      "broken": false,
      "derivation": "/nix/store/43lq8j3i8spbacn9khjfyiks4gk01nfr-python3.12-pillow-11.3.0.drv",
      "description": "Friendly PIL fork (Python Imaging Library)",
      "install_id": "pillow",
      "license": "MIT-CMU",
      "locked_url": "https://github.com/flox/nixpkgs?rev=8a6d5427d99ec71c64f0b93d45778c889005d9c2",
      "name": "python3.12-pillow-11.3.0",
      "pname": "pillow",
      "rev": "8a6d5427d99ec71c64f0b93d45778c889005d9c2",
      "rev_count": 852432,
      "rev_date": "2025-08-27T03:49:43Z",
      "scrape_date": "2025-08-28T03:26:18.912562Z",
      "stabilities": [
        "stable",
        "staging",
        "unstable"
      ],
      "unfree": false,
      "version": "11.3.0",
      "outputs_to_install": [
        "out"
      ],
      "outputs": {
        "dist": "/nix/store/hifdvm6653qm4wxq93mq01bjdr47zc7r-python3.12-pillow-11.3.0-dist",
        "out": "/nix/store/lxx7awdblpqiczpdvmcnj002jrqmpamv-python3.12-pillow-11.3.0"
      },
      "system": "aarch64-darwin",
      "group": "toplevel",
      "priority": 5
    },
    {
      "attr_path": "python312Packages.pillow",
      "broken": false,
      "derivation": "/nix/store/ckis039pgqxc1fy2j8bkfl4bspjdcw67-python3.12-pillow-11.3.0.drv",
      "description": "Friendly PIL fork (Python Imaging Library)",
      "install_id": "pillow",
      "license": "MIT-CMU",
      "locked_url": "https://github.com/flox/nixpkgs?rev=8a6d5427d99ec71c64f0b93d45778c889005d9c2",
      "name": "python3.12-pillow-11.3.0",
      "pname": "pillow",
      "rev": "8a6d5427d99ec71c64f0b93d45778c889005d9c2",
      "rev_count": 852432,
      "rev_date": "2025-08-27T03:49:43Z",
      "scrape_date": "2025-08-28T03:35:05.157387Z",
      "stabilities": [
        "stable",
        "staging",
        "unstable"
      ],
      "unfree": false,
      "version": "11.3.0",
      "outputs_to_install": [
        "out"
      ],
      "outputs": {
        "dist": "/nix/store/vxnpkn39y74n4d97aamw0cnazbf6ijjf-python3.12-pillow-11.3.0-dist",
        "out": "/nix/store/qmlr4dq21wr9pwl15a3yrsnllbw1bda9-python3.12-pillow-11.3.0"
      },
      "system": "aarch64-linux",
      "group": "toplevel",
      "priority": 5
    },
    {
      "attr_path": "python312Packages.pillow",
      "broken": false,
      "derivation": "/nix/store/is3fl9rb5xcmsllp0qm0vwlqjl74m20j-python3.12-pillow-11.3.0.drv",
      "description": "Friendly PIL fork (Python Imaging Library)",
      "install_id": "pillow",
      "license": "MIT-CMU",
      "locked_url": "https://github.com/flox/nixpkgs?rev=8a6d5427d99ec71c64f0b93d45778c889005d9c2",
      "name": "python3.12-pillow-11.3.0",
      "pname": "pillow",
      "rev": "8a6d5427d99ec71c64f0b93d45778c889005d9c2",
      "rev_count": 852432,
      "rev_date": "2025-08-27T03:49:43Z",
      "scrape_date": "2025-08-28T03:44:10.792253Z",
      "stabilities": [
        "stable",
        "staging",
        "unstable"
      ],
      "unfree": false,
      "version": "11.3.0",
      "outputs_to_install": [
        "out"
      ],
      "outputs": {
        "dist": "/nix/store/zm0ajw09yil42ar1sc005n5id3zwgwg1-python3.12-pillow-11.3.0-dist",
        "out": "/nix/store/25qacnshkxi2hqbvm0q8515afvzi1b2g-python3.12-pillow-11.3.0"
      },
      "system": "x86_64-darwin",
      "group": "toplevel",
      "priority": 5
    },
    {
      "attr_path": "python312Packages.pillow",
      "broken": false,
      "derivation": "/nix/store/zlrvj64a3zl715mig7bv5j00m4v4yr7w-python3.12-pillow-11.3.0.drv",
      "description": "Friendly PIL fork (Python Imaging Library)",
      "install_id": "pillow",
      "license": "MIT-CMU",
      "locked_url": "https://github.com/flox/nixpkgs?rev=8a6d5427d99ec71c64f0b93d45778c889005d9c2",
      "name": "python3.12-pillow-11.3.0",
      "pname": "pillow",
      "rev": "8a6d5427d99ec71c64f0b93d45778c889005d9c2",
      "rev_count": 852432,
      "rev_date": "2025-08-27T03:49:43Z",
      "scrape_date": "2025-08-28T03:52:05.048136Z",
      "stabilities": [
        "stable",
        "staging",
        "unstable"
      ],
      "unfree": false,
      "version": "11.3.0",
      "outputs_to_install": [
        "out"
      ],
      "outputs": {
        "dist": "/nix/store/fhsc4zpscnp364h8hxmdr3xx5wm13vpd-python3.12-pillow-11.3.0-dist",
        "out": "/nix/store/bwq1fwy68wdblix2kirh3jp5dmfprrxj-python3.12-pillow-11.3.0"
      },
      "system": "x86_64-linux",
      "group": "toplevel",
      "priority": 5
    },
    {
      "attr_path": "python312Full",
      "broken": false,
      "derivation": "/nix/store/x6c9qj50npdybsz6hp59xmki89jafj6d-python3-3.12.11.drv",
      "description": "High-level dynamically-typed programming language",
      "install_id": "python312Full",
      "license": "Python-2.0",
      "locked_url": "https://github.com/flox/nixpkgs?rev=8a6d5427d99ec71c64f0b93d45778c889005d9c2",
      "name": "python3-3.12.11",
      "pname": "python312Full",
      "rev": "8a6d5427d99ec71c64f0b93d45778c889005d9c2",
      "rev_count": 852432,
      "rev_date": "2025-08-27T03:49:43Z",
      "scrape_date": "2025-08-28T03:26:13.141205Z",
      "stabilities": [
        "stable",
        "staging",
        "unstable"
      ],
      "unfree": false,
      "version": "python3-3.12.11",
      "outputs_to_install": [
        "out"
      ],
      "outputs": {
        "out": "/nix/store/03p3nrkwhpzjr55dfcxhjq1hd3cg4pwy-python3-3.12.11"
      },
      "system": "aarch64-darwin",
      "group": "toplevel",
      "priority": 5
    },
    {
      "attr_path": "python312Full",
      "broken": false,
      "derivation": "/nix/store/5siqr82ark2r66lhq3wxymgij7sl3s68-python3-3.12.11.drv",
      "description": "High-level dynamically-typed programming language",
      "install_id": "python312Full",
      "license": "Python-2.0",
      "locked_url": "https://github.com/flox/nixpkgs?rev=8a6d5427d99ec71c64f0b93d45778c889005d9c2",
      "name": "python3-3.12.11",
      "pname": "python312Full",
      "rev": "8a6d5427d99ec71c64f0b93d45778c889005d9c2",
      "rev_count": 852432,
      "rev_date": "2025-08-27T03:49:43Z",
      "scrape_date": "2025-08-28T03:34:54.887531Z",
      "stabilities": [
        "stable",
        "staging",
        "unstable"
      ],
      "unfree": false,
      "version": "python3-3.12.11",
      "outputs_to_install": [
        "out"
      ],
      "outputs": {
        "debug": "/nix/store/q70n8zbzknvnaqp4l0bwx5y3kazwwnj2-python3-3.12.11-debug",
        "out": "/nix/store/jij9z6imnjl6ns2x3fr0cgfssy3j273d-python3-3.12.11"
      },
      "system": "aarch64-linux",
      "group": "toplevel",
      "priority": 5
    },
    {
      "attr_path": "python312Full",
      "broken": false,
      "derivation": "/nix/store/axj8r2hnwjj941y08qn3jq5rrxcvczvl-python3-3.12.11.drv",
      "description": "High-level dynamically-typed programming language",
      "install_id": "python312Full",
      "license": "Python-2.0",
      "locked_url": "https://github.com/flox/nixpkgs?rev=8a6d5427d99ec71c64f0b93d45778c889005d9c2",
      "name": "python3-3.12.11",
      "pname": "python312Full",
      "rev": "8a6d5427d99ec71c64f0b93d45778c889005d9c2",
      "rev_count": 852432,
      "rev_date": "2025-08-27T03:49:43Z",
      "scrape_date": "2025-08-28T03:44:04.927920Z",
      "stabilities": [
        "stable",
        "staging",
        "unstable"
      ],
      "unfree": false,
      "version": "python3-3.12.11",
      "outputs_to_install": [
        "out"
      ],
      "outputs": {
        "out": "/nix/store/y3z25yr49hyabwjgjxn45v8i97wrgi25-python3-3.12.11"
      },
      "system": "x86_64-darwin",
      "group": "toplevel",
      "priority": 5
    },
    {
      "attr_path": "python312Full",
      "broken": false,
      "derivation": "/nix/store/hhjkb1fmbi3h9kn1jpqjd7gmq2jbfrw3-python3-3.12.11.drv",
      "description": "High-level dynamically-typed programming language",
      "install_id": "python312Full",
      "license": "Python-2.0",
      "locked_url": "https://github.com/flox/nixpkgs?rev=8a6d5427d99ec71c64f0b93d45778c889005d9c2",
      "name": "python3-3.12.11",
      "pname": "python312Full",
      "rev": "8a6d5427d99ec71c64f0b93d45778c889005d9c2",
      "rev_count": 852432,
      "rev_date": "2025-08-27T03:49:43Z",
      "scrape_date": "2025-08-28T03:51:55.789109Z",
      "stabilities": [
        "stable",
        "staging",
        "unstable"
      ],
      "unfree": false,
      "version": "python3-3.12.11",
      "outputs_to_install": [
        "out"
      ],
      "outputs": {
        "debug": "/nix/store/xv76sfvnw9zi996yxbz8jyk6dj0ijk29-python3-3.12.11-debug",
        "out": "/nix/store/a4vblf4lkfvdrysnzh7ir9m61irk70d0-python3-3.12.11"
      },
      "system": "x86_64-linux",
      "group": "toplevel",
      "priority": 5
    },
    {
      "attr_path": "rsync",
      "broken": false,
      "derivation": "/nix/store/kmj0dnk52filndrnhqdybkklnk4f90yb-rsync-3.4.1.drv",
      "description": "Fast incremental file transfer utility",
      "install_id": "rsync",
      "license": "GPL-3.0-or-later",
      "locked_url": "https://github.com/flox/nixpkgs?rev=8a6d5427d99ec71c64f0b93d45778c889005d9c2",
      "name": "rsync-3.4.1",
      "pname": "rsync",
      "rev": "8a6d5427d99ec71c64f0b93d45778c889005d9c2",
      "rev_count": 852432,
      "rev_date": "2025-08-27T03:49:43Z",
      "scrape_date": "2025-08-28T03:26:41.187470Z",
      "stabilities": [
        "stable",
        "staging",
        "unstable"
      ],
      "unfree": false,
      "version": "3.4.1",
      "outputs_to_install": [
        "out"
      ],
      "outputs": {
        "out": "/nix/store/k3hyb1vc7mahrmfjpwim0mmr4a9kc54a-rsync-3.4.1"
      },
      "system": "aarch64-darwin",
      "group": "toplevel",
      "priority": 5
    },
    {
      "attr_path": "rsync",
      "broken": false,
      "derivation": "/nix/store/xshydpv64s71hg4530yiyqw4kmchhipb-rsync-3.4.1.drv",
      "description": "Fast incremental file transfer utility",
      "install_id": "rsync",
      "license": "GPL-3.0-or-later",
      "locked_url": "https://github.com/flox/nixpkgs?rev=8a6d5427d99ec71c64f0b93d45778c889005d9c2",
      "name": "rsync-3.4.1",
      "pname": "rsync",
      "rev": "8a6d5427d99ec71c64f0b93d45778c889005d9c2",
      "rev_count": 852432,
      "rev_date": "2025-08-27T03:49:43Z",
      "scrape_date": "2025-08-28T03:35:41.311293Z",
      "stabilities": [
        "stable",
        "staging",
        "unstable"
      ],
      "unfree": false,
      "version": "3.4.1",
      "outputs_to_install": [
        "out"
      ],
      "outputs": {
        "out": "/nix/store/xqqqz8j8mfx68mvl1jwk3jz4mdp2l3xn-rsync-3.4.1"
      },
      "system": "aarch64-linux",
      "group": "toplevel",
      "priority": 5
    },
    {
      "attr_path": "rsync",
      "broken": false,
      "derivation": "/nix/store/8qlvn6ijph2wddz7n4b0v8bmc5c6v36c-rsync-3.4.1.drv",
      "description": "Fast incremental file transfer utility",
      "install_id": "rsync",
      "license": "GPL-3.0-or-later",
      "locked_url": "https://github.com/flox/nixpkgs?rev=8a6d5427d99ec71c64f0b93d45778c889005d9c2",
      "name": "rsync-3.4.1",
      "pname": "rsync",
      "rev": "8a6d5427d99ec71c64f0b93d45778c889005d9c2",
      "rev_count": 852432,
      "rev_date": "2025-08-27T03:49:43Z",
      "scrape_date": "2025-08-28T03:44:33.020246Z",
      "stabilities": [
        "stable",
        "staging",
        "unstable"
      ],
      "unfree": false,
      "version": "3.4.1",
      "outputs_to_install": [
        "out"
      ],
      "outputs": {
        "out": "/nix/store/lnhgqs98ivb91gdlasll8av6ybhr6q1n-rsync-3.4.1"
      },
      "system": "x86_64-darwin",
      "group": "toplevel",
      "priority": 5
    },
    {
      "attr_path": "rsync",
      "broken": false,
      "derivation": "/nix/store/jn17a76w7dvqn71kvjhkq1wfqlcrfj5z-rsync-3.4.1.drv",
      "description": "Fast incremental file transfer utility",
      "install_id": "rsync",
      "license": "GPL-3.0-or-later",
      "locked_url": "https://github.com/flox/nixpkgs?rev=8a6d5427d99ec71c64f0b93d45778c889005d9c2",
      "name": "rsync-3.4.1",
      "pname": "rsync",
      "rev": "8a6d5427d99ec71c64f0b93d45778c889005d9c2",
      "rev_count": 852432,
      "rev_date": "2025-08-27T03:49:43Z",
      "scrape_date": "2025-08-28T03:52:37.928162Z",
      "stabilities": [
        "stable",
        "staging",
        "unstable"
      ],
      "unfree": false,
      "version": "3.4.1",
      "outputs_to_install": [
        "out"
      ],
      "outputs": {
        "out": "/nix/store/wwdlfk4p0gknbafxpd4ipkpqcrjm8z8a-rsync-3.4.1"
      },
      "system": "x86_64-linux",
      "group": "toplevel",
      "priority": 5
    },
    {
      "attr_path": "python312Packages.scipy",
      "broken": false,
      "derivation": "/nix/store/18zm19ivwsp9vrmqw80q840m34g3jw50-python3.12-scipy-1.16.1.drv",
      "description": "SciPy (pronounced 'Sigh Pie') is open-source software for mathematics, science, and engineering",
      "install_id": "scipy",
      "license": "BSD-3-Clause",
      "locked_url": "https://github.com/flox/nixpkgs?rev=8a6d5427d99ec71c64f0b93d45778c889005d9c2",
      "name": "python3.12-scipy-1.16.1",
      "pname": "scipy",
      "rev": "8a6d5427d99ec71c64f0b93d45778c889005d9c2",
      "rev_count": 852432,
      "rev_date": "2025-08-27T03:49:43Z",
      "scrape_date": "2025-08-28T03:26:21.551253Z",
      "stabilities": [
        "stable",
        "staging",
        "unstable"
      ],
      "unfree": false,
      "version": "1.16.1",
      "outputs_to_install": [
        "out"
      ],
      "outputs": {
        "dist": "/nix/store/y4vabn6gg9p370fmfbqzay1p2jngp6r8-python3.12-scipy-1.16.1-dist",
        "out": "/nix/store/9qmvhknmpyq7q5z27v1xnm0q8qw1pqlm-python3.12-scipy-1.16.1"
      },
      "system": "aarch64-darwin",
      "group": "toplevel",
      "priority": 5
    },
    {
      "attr_path": "python312Packages.scipy",
      "broken": false,
      "derivation": "/nix/store/i57mdx3rnjdmpsk11vmkan1dlgivrnn2-python3.12-scipy-1.16.1.drv",
      "description": "SciPy (pronounced 'Sigh Pie') is open-source software for mathematics, science, and engineering",
      "install_id": "scipy",
      "license": "BSD-3-Clause",
      "locked_url": "https://github.com/flox/nixpkgs?rev=8a6d5427d99ec71c64f0b93d45778c889005d9c2",
      "name": "python3.12-scipy-1.16.1",
      "pname": "scipy",
      "rev": "8a6d5427d99ec71c64f0b93d45778c889005d9c2",
      "rev_count": 852432,
      "rev_date": "2025-08-27T03:49:43Z",
      "scrape_date": "2025-08-28T03:35:09.588197Z",
      "stabilities": [
        "stable",
        "staging",
        "unstable"
      ],
      "unfree": false,
      "version": "1.16.1",
      "outputs_to_install": [
        "out"
      ],
      "outputs": {
        "dist": "/nix/store/pw127lmwb45w6qb3r57f55dz0lwfb2gh-python3.12-scipy-1.16.1-dist",
        "out": "/nix/store/pj7bg4rnpqw4snhn13mg4kk12lkzh4i9-python3.12-scipy-1.16.1"
      },
      "system": "aarch64-linux",
      "group": "toplevel",
      "priority": 5
    },
    {
      "attr_path": "python312Packages.scipy",
      "broken": false,
      "derivation": "/nix/store/gj9np3qqrz0bp68ah8a7x5hlqn165kpq-python3.12-scipy-1.16.1.drv",
      "description": "SciPy (pronounced 'Sigh Pie') is open-source software for mathematics, science, and engineering",
      "install_id": "scipy",
      "license": "BSD-3-Clause",
      "locked_url": "https://github.com/flox/nixpkgs?rev=8a6d5427d99ec71c64f0b93d45778c889005d9c2",
      "name": "python3.12-scipy-1.16.1",
      "pname": "scipy",
      "rev": "8a6d5427d99ec71c64f0b93d45778c889005d9c2",
      "rev_count": 852432,
      "rev_date": "2025-08-27T03:49:43Z",
      "scrape_date": "2025-08-28T03:44:13.361055Z",
      "stabilities": [
        "stable",
        "staging",
        "unstable"
      ],
      "unfree": false,
      "version": "1.16.1",
      "outputs_to_install": [
        "out"
      ],
      "outputs": {
        "dist": "/nix/store/1csrbk8qsyjz3hjy4gsx25bsm2gya4qg-python3.12-scipy-1.16.1-dist",
        "out": "/nix/store/kr0v4765vx09hkbx5s1wjhp4lfsdmag6-python3.12-scipy-1.16.1"
      },
      "system": "x86_64-darwin",
      "group": "toplevel",
      "priority": 5
    },
    {
      "attr_path": "python312Packages.scipy",
      "broken": false,
      "derivation": "/nix/store/76mzzy84rl07ngq3lz97z09aq747ngxc-python3.12-scipy-1.16.1.drv",
      "description": "SciPy (pronounced 'Sigh Pie') is open-source software for mathematics, science, and engineering",
      "install_id": "scipy",
      "license": "BSD-3-Clause",
      "locked_url": "https://github.com/flox/nixpkgs?rev=8a6d5427d99ec71c64f0b93d45778c889005d9c2",
      "name": "python3.12-scipy-1.16.1",
      "pname": "scipy",
      "rev": "8a6d5427d99ec71c64f0b93d45778c889005d9c2",
      "rev_count": 852432,
      "rev_date": "2025-08-27T03:49:43Z",
      "scrape_date": "2025-08-28T03:52:09.143946Z",
      "stabilities": [
        "stable",
        "staging",
        "unstable"
      ],
      "unfree": false,
      "version": "1.16.1",
      "outputs_to_install": [
        "out"
      ],
      "outputs": {
        "dist": "/nix/store/pi5m8hlfbp7b610cwnrmk0v1xfz5wh7d-python3.12-scipy-1.16.1-dist",
        "out": "/nix/store/1fgm6rqad5c1alsbls9sc891mj6zc16b-python3.12-scipy-1.16.1"
      },
      "system": "x86_64-linux",
      "group": "toplevel",
      "priority": 5
    }
  ]
}
